
Microsoft Visual Studio Solution File, Format Version 12.00
# Visual Studio 15
VisualStudioVersion = 15.0.28010.2041
MinimumVisualStudioVersion = 10.0.40219.1
Project("{FAE04EC0-301F-11D3-BF4B-00C04F79EFBC}") = "GUI", "GUI\GUI.csproj", "{514C16D3-E959-4A77-BBCF-CDF6E2385A0D}"
EndProject
Project("{FAE04EC0-301F-11D3-BF4B-00C04F79EFBC}") = "NetworkController", "NetworkController\NetworkController.csproj", "{DDD57B65-5C14-4BA1-9657-718ABBC3E914}"
EndProject
Project("{FAE04EC0-301F-11D3-BF4B-00C04F79EFBC}") = "SheetController", "GameController\SheetController.csproj", "{83AC8A18-862F-438C-A3E2-F074333E0EC9}"
EndProject
Project("{FAE04EC0-301F-11D3-BF4B-00C04F79EFBC}") = "Resources", "Resources\Resources.csproj", "{A6BFF3DC-2B98-49A0-B202-B87AB7649C43}"
EndProject
Global
	GlobalSection(SolutionConfigurationPlatforms) = preSolution
		Debug|Any CPU = Debug|Any CPU
		Release|Any CPU = Release|Any CPU
	EndGlobalSection
	GlobalSection(ProjectConfigurationPlatforms) = postSolution
		{514C16D3-E959-4A77-BBCF-CDF6E2385A0D}.Debug|Any CPU.ActiveCfg = Debug|Any CPU
		{514C16D3-E959-4A77-BBCF-CDF6E2385A0D}.Debug|Any CPU.Build.0 = Debug|Any CPU
		{514C16D3-E959-4A77-BBCF-CDF6E2385A0D}.Release|Any CPU.ActiveCfg = Release|Any CPU
		{514C16D3-E959-4A77-BBCF-CDF6E2385A0D}.Release|Any CPU.Build.0 = Release|Any CPU
		{DDD57B65-5C14-4BA1-9657-718ABBC3E914}.Debug|Any CPU.ActiveCfg = Debug|Any CPU
		{DDD57B65-5C14-4BA1-9657-718ABBC3E914}.Debug|Any CPU.Build.0 = Debug|Any CPU
		{DDD57B65-5C14-4BA1-9657-718ABBC3E914}.Release|Any CPU.ActiveCfg = Release|Any CPU
		{DDD57B65-5C14-4BA1-9657-718ABBC3E914}.Release|Any CPU.Build.0 = Release|Any CPU
		{83AC8A18-862F-438C-A3E2-F074333E0EC9}.Debug|Any CPU.ActiveCfg = Debug|Any CPU
		{83AC8A18-862F-438C-A3E2-F074333E0EC9}.Debug|Any CPU.Build.0 = Debug|Any CPU
		{83AC8A18-862F-438C-A3E2-F074333E0EC9}.Release|Any CPU.ActiveCfg = Release|Any CPU
		{83AC8A18-862F-438C-A3E2-F074333E0EC9}.Release|Any CPU.Build.0 = Release|Any CPU
		{A6BFF3DC-2B98-49A0-B202-B87AB7649C43}.Debug|Any CPU.ActiveCfg = Debug|Any CPU
		{A6BFF3DC-2B98-49A0-B202-B87AB7649C43}.Debug|Any CPU.Build.0 = Debug|Any CPU
		{A6BFF3DC-2B98-49A0-B202-B87AB7649C43}.Release|Any CPU.ActiveCfg = Release|Any CPU
		{A6BFF3DC-2B98-49A0-B202-B87AB7649C43}.Release|Any CPU.Build.0 = Release|Any CPU
	EndGlobalSection
	GlobalSection(SolutionProperties) = preSolution
		HideSolutionNode = FALSE
	EndGlobalSection
	GlobalSection(ExtensibilityGlobals) = postSolution
		SolutionGuid = {0A3A8B90-0B71-465D-9897-77957FC4062A}
	EndGlobalSection
EndGlobal
